
Microsoft Visual Studio Solution File, Format Version 12.00
# Visual Studio 2012
Project("{FAE04EC0-301F-11D3-BF4B-00C04F79EFBC}") = "GuiaApp.Web", "GuiaApp.Web\GuiaApp.Web.csproj", "{65BEEB6A-0DBE-4EC3-B211-DFD46E467013}"
EndProject
Project("{FAE04EC0-301F-11D3-BF4B-00C04F79EFBC}") = "GuiaApp.Model", "GuiaApp.Model\GuiaApp.Model.csproj", "{77826BBB-B591-463F-8B22-77D01A5D14C7}"
EndProject
Global
	GlobalSection(SolutionConfigurationPlatforms) = preSolution
		Debug|Any CPU = Debug|Any CPU
		Release|Any CPU = Release|Any CPU
	EndGlobalSection
	GlobalSection(ProjectConfigurationPlatforms) = postSolution
		{65BEEB6A-0DBE-4EC3-B211-DFD46E467013}.Debug|Any CPU.ActiveCfg = Debug|Any CPU
		{65BEEB6A-0DBE-4EC3-B211-DFD46E467013}.Debug|Any CPU.Build.0 = Debug|Any CPU
		{65BEEB6A-0DBE-4EC3-B211-DFD46E467013}.Release|Any CPU.ActiveCfg = Release|Any CPU
		{65BEEB6A-0DBE-4EC3-B211-DFD46E467013}.Release|Any CPU.Build.0 = Release|Any CPU
		{77826BBB-B591-463F-8B22-77D01A5D14C7}.Debug|Any CPU.ActiveCfg = Debug|Any CPU
		{77826BBB-B591-463F-8B22-77D01A5D14C7}.Debug|Any CPU.Build.0 = Debug|Any CPU
		{77826BBB-B591-463F-8B22-77D01A5D14C7}.Release|Any CPU.ActiveCfg = Release|Any CPU
		{77826BBB-B591-463F-8B22-77D01A5D14C7}.Release|Any CPU.Build.0 = Release|Any CPU
	EndGlobalSection
	GlobalSection(SolutionProperties) = preSolution
		HideSolutionNode = FALSE
	EndGlobalSection
EndGlobal
